<Solution>
  <Folder Name="/orchestration/">
    <Project Path="orchestration/Synestra.AppHost/Synestra.AppHost.csproj" Id="940d2f84-a3f3-434a-a420-1b97a47e3e2b" />
    <Project Path="orchestration/Synestra.ServiceDefaults/Synestra.ServiceDefaults.csproj" />
  </Folder>
  <Folder Name="/src/">
    <Project Path="src/Synestra.Api/Synestra.Api.csproj" />
  </Folder>
  <Folder Name="/tests/" />
</Solution>
