<Solution>
  <Folder Name="/docs/">
    <File Path="docs/contributing.md" />
    <File Path="docs/domain-glossary.md" />
    <File Path="docs/job-lifecycle.md" />
    <File Path="docs/project-brief.md" />
    <File Path="docs/project-status.md" />
    <File Path="docs/roadmap.md" />
    <File Path="docs/testing.md" />
  </Folder>
  <Folder Name="/docs/decisions/">
    <File Path="docs/decisions/0001-project-and-dependency-boundaries.md" />
    <File Path="docs/decisions/0002-postgresql-as-primary-persistence.md" />
    <File Path="docs/decisions/0003-dedicated-database-migration-worker.md" />
    <File Path="docs/decisions/0004-browser-automation-as-initial-workload.md" />
    <File Path="docs/decisions/0005-worker-communication-through-control-plane-api.md" />
    <File Path="docs/decisions/0006-job-definition-identity.md" />
    <File Path="docs/decisions/0007-submit-job-semantics.md" />
    <File Path="docs/decisions/README.md" />
  </Folder>
  <Folder Name="/orchestration/">
    <Project Path="orchestration/Synestra.AppHost/Synestra.AppHost.csproj" Id="940d2f84-a3f3-434a-a420-1b97a47e3e2b" />
    <Project Path="orchestration/Synestra.ServiceDefaults/Synestra.ServiceDefaults.csproj" />
  </Folder>
  <Folder Name="/Solution Items/">
    <File Path=".editorconfig" />
    <File Path="AGENTS.md" />
    <File Path="LICENSE.txt" />
    <File Path="README.md" />
  </Folder>
  <Folder Name="/src/">
    <Project Path="src/Synestra.Api/Synestra.Api.csproj" />
    <Project Path="src/Synestra.Domain/Synestra.Domain.csproj" Id="42ebdb47-7f8d-47a5-aeb3-5c39483ecd89" />
    <Project Path="src/Synestra.MigrationWorker/Synestra.MigrationWorker.csproj" />
    <Project Path="src/Synestra.Persistence/Synestra.Persistence.csproj" Id="1c38c2d2-7b55-4192-bdd4-b416b201d690" />
  </Folder>
  <Folder Name="/tests/">
    <Project Path="tests/Synestra.Domain.Tests/Synestra.Domain.Tests.csproj" />
    <Project Path="tests/Synestra.Persistence.IntegrationTests/Synestra.Persistence.IntegrationTests.csproj" />
  </Folder>
</Solution>
