<Solution>
  <Folder Name="/docs/" />
  <Folder Name="/orchestration/">
    <Project Path="orchestration/Synestra.AppHost/Synestra.AppHost.csproj" Id="940d2f84-a3f3-434a-a420-1b97a47e3e2b" />
    <Project Path="orchestration/Synestra.ServiceDefaults/Synestra.ServiceDefaults.csproj" />
  </Folder>
  <Folder Name="/Solution Items/">
    <File Path=".editorconfig" />
    <File Path="AGENTS.md" />
    <File Path="LICENSE.txt" />
    <File Path="README.md" />
  </Folder>
  <Folder Name="/src/">
    <Project Path="src/Synestra.Api/Synestra.Api.csproj" />
    <Project Path="src/Synestra.Domain/Synestra.Domain.csproj" Id="42ebdb47-7f8d-47a5-aeb3-5c39483ecd89" />
    <Project Path="src/Synestra.MigrationWorker/Synestra.MigrationWorker.csproj" />
    <Project Path="src/Synestra.Persistence/Synestra.Persistence.csproj" Id="1c38c2d2-7b55-4192-bdd4-b416b201d690" />
  </Folder>
  <Folder Name="/tests/" />
</Solution>
